
Microsoft Visual Studio Solution File, Format Version 12.00
# Visual Studio Version 16
VisualStudioVersion = 16.0.28803.452
MinimumVisualStudioVersion = 10.0.40219.1
Project("{FAE04EC0-301F-11D3-BF4B-00C04F79EFBC}") = "Customs.CRM.CertificateOfOrigins.Client.Api", "Client\Internal\Customs.CRM.CertificateOfOrigin.Client.Api\Customs.CRM.CertificateOfOrigins.Client.Api.csproj", "{40697E2E-1F43-4951-915F-512A37FEA1AA}"
EndProject
Project("{2150E333-8FDC-42A3-9474-1A3956D46DE8}") = "Client", "Client", "{DCF9C343-7FA8-48F0-95AF-454AE2B84C84}"
EndProject
Project("{2150E333-8FDC-42A3-9474-1A3956D46DE8}") = "Internal", "Internal", "{AF2E7630-4C87-4A87-8166-AE8F97C7C6DC}"
EndProject
Project("{FAE04EC0-301F-11D3-BF4B-00C04F79EFBC}") = "Customs.CRM.CertificateOfOrigins.Client.Module", "Client\Internal\Customs.CRM.CertificateOfOrigin.Client.Module\Customs.CRM.CertificateOfOrigins.Client.Module.csproj", "{349FA808-F04F-499E-AE52-B1278B48B6AF}"
EndProject
Project("{FAE04EC0-301F-11D3-BF4B-00C04F79EFBC}") = "Customs.CRM.CertificateOfOrigins.Client.View", "Client\Internal\Customs.CRM.CertificateOfOrigin.Client.View\Customs.CRM.CertificateOfOrigins.Client.View.csproj", "{74CAD6F1-DB4A-4986-863D-98E7BA4CE9C7}"
EndProject
Project("{2150E333-8FDC-42A3-9474-1A3956D46DE8}") = "Common", "Common", "{EB2EA3A3-66A5-4929-8483-E305EC357D50}"
EndProject
Project("{2150E333-8FDC-42A3-9474-1A3956D46DE8}") = "External", "External", "{22C3452A-8D69-4DFD-A70B-DF05FA64F5F1}"
EndProject
Project("{2150E333-8FDC-42A3-9474-1A3956D46DE8}") = "Internal", "Internal", "{94D67190-D248-404F-BB9D-2085E5F4826B}"
EndProject
Project("{2150E333-8FDC-42A3-9474-1A3956D46DE8}") = "Server", "Server", "{502118E9-D70B-4A7F-BA6C-1B51EC1A7235}"
EndProject
Project("{2150E333-8FDC-42A3-9474-1A3956D46DE8}") = "test", "test", "{BF42E4B4-42D0-4E57-B25E-29872DAACA16}"
EndProject
Project("{FAE04EC0-301F-11D3-BF4B-00C04F79EFBC}") = "Customs.CRM.CertificateOfOrigins.ExternalCommon", "Common\External\Customs.CRM.CertificateOfOrigin.ExternalCommon\Customs.CRM.CertificateOfOrigins.ExternalCommon.csproj", "{487027A4-581B-417E-BBD0-D043206FD242}"
EndProject
Project("{FAE04EC0-301F-11D3-BF4B-00C04F79EFBC}") = "Customs.CRM.CertificateOfOrigins.ExternalProxy", "Common\External\Customs.CRM.CertificateOfOrigin.ExternalProxy\Customs.CRM.CertificateOfOrigins.ExternalProxy.csproj", "{3364BFF3-BF64-48BD-AB28-CA06A7529F4E}"
EndProject
Project("{FAE04EC0-301F-11D3-BF4B-00C04F79EFBC}") = "Customs.CRM.CertificateOfOrigins.InternalCommon", "Common\Internal\Customs.CRM.CertificateOfOrigins.InternalCommon\Customs.CRM.CertificateOfOrigins.InternalCommon.csproj", "{4476F6F7-26A8-43A5-92D9-14A0D0A775BE}"
EndProject
Project("{FAE04EC0-301F-11D3-BF4B-00C04F79EFBC}") = "Customs.CRM.CertificateOfOrigins.InternalProxy", "Common\Internal\Customs.CRM.CertificateOfOrigins.InternalProxy\Customs.CRM.CertificateOfOrigins.InternalProxy.csproj", "{8C0DEDC7-9143-40E5-8756-B22AE7B62C04}"
EndProject
Project("{FAE04EC0-301F-11D3-BF4B-00C04F79EFBC}") = "Customs.CRM.CertificateOfOrigins.BL", "Server\Customs.CRM.CertificateOfOrigins.BL\Customs.CRM.CertificateOfOrigins.BL.csproj", "{461C3BE5-80FC-431A-BC3C-3E420AF85830}"
EndProject
Project("{FAE04EC0-301F-11D3-BF4B-00C04F79EFBC}") = "Customs.CRM.CertificateOfOrigins.Service", "Server\Customs.CRM.CertificateOfOrigins.Service\Customs.CRM.CertificateOfOrigins.Service.csproj", "{C97D74B2-0CF1-46F5-BBD1-A2D6C4D3F2EE}"
EndProject
Project("{FAE04EC0-301F-11D3-BF4B-00C04F79EFBC}") = "Customs.CRM.CertificateOfOrigins.Test", "Customs.CRM.CertificateOfOrigins.Test\Customs.CRM.CertificateOfOrigins.Test.csproj", "{274B882E-DAF9-4F75-80E1-21EFE07C5B7E}"
EndProject
Project("{2150E333-8FDC-42A3-9474-1A3956D46DE8}") = "Solution Items", "Solution Items", "{6BCB8601-DC3D-42E0-B9E5-A32007A9366D}"
	ProjectSection(SolutionItems) = preProject
		CertificateOfOrigins.vsmdi = CertificateOfOrigins.vsmdi
		Local.testsettings = Local.testsettings
		TraceAndTestImpact.testsettings = TraceAndTestImpact.testsettings
	EndProjectSection
EndProject
Project("{2150E333-8FDC-42A3-9474-1A3956D46DE8}") = "External", "External", "{7DFDAF13-4A94-4316-9583-FF9606255B5A}"
EndProject
Project("{FAE04EC0-301F-11D3-BF4B-00C04F79EFBC}") = "Customs.CRM.CertificateOfOrigion.Client.External.Api", "Customs.CRM.CertificateOfOrigion.Client.External.Api\Customs.CRM.CertificateOfOrigion.Client.External.Api.csproj", "{1F18BA55-B954-4C87-A92D-332BD3385017}"
EndProject
Project("{FAE04EC0-301F-11D3-BF4B-00C04F79EFBC}") = "Customs.CRM.CertificateOfOrigion.Client.External.View", "Customs.CRM.CertificateOfOrigion.Client.External.View\Customs.CRM.CertificateOfOrigion.Client.External.View.csproj", "{CFD6725D-8D36-488F-A9A1-B518D039BA67}"
EndProject
Global
	GlobalSection(SolutionConfigurationPlatforms) = preSolution
		Debug|Any CPU = Debug|Any CPU
		External - Debug|Any CPU = External - Debug|Any CPU
		External - Release|Any CPU = External - Release|Any CPU
		Release|Any CPU = Release|Any CPU
		UnitTesting Debug|Any CPU = UnitTesting Debug|Any CPU
		UnitTesting External - Debug|Any CPU = UnitTesting External - Debug|Any CPU
	EndGlobalSection
	GlobalSection(ProjectConfigurationPlatforms) = postSolution
		{40697E2E-1F43-4951-915F-512A37FEA1AA}.Debug|Any CPU.ActiveCfg = Debug|Any CPU
		{40697E2E-1F43-4951-915F-512A37FEA1AA}.Debug|Any CPU.Build.0 = Debug|Any CPU
		{40697E2E-1F43-4951-915F-512A37FEA1AA}.External - Debug|Any CPU.ActiveCfg = Debug|Any CPU
		{40697E2E-1F43-4951-915F-512A37FEA1AA}.External - Release|Any CPU.ActiveCfg = Release|Any CPU
		{40697E2E-1F43-4951-915F-512A37FEA1AA}.Release|Any CPU.ActiveCfg = Release|Any CPU
		{40697E2E-1F43-4951-915F-512A37FEA1AA}.Release|Any CPU.Build.0 = Release|Any CPU
		{40697E2E-1F43-4951-915F-512A37FEA1AA}.UnitTesting Debug|Any CPU.ActiveCfg = UnitTesting Debug|Any CPU
		{40697E2E-1F43-4951-915F-512A37FEA1AA}.UnitTesting Debug|Any CPU.Build.0 = UnitTesting Debug|Any CPU
		{40697E2E-1F43-4951-915F-512A37FEA1AA}.UnitTesting External - Debug|Any CPU.ActiveCfg = UnitTesting Debug|Any CPU
		{349FA808-F04F-499E-AE52-B1278B48B6AF}.Debug|Any CPU.ActiveCfg = Debug|Any CPU
		{349FA808-F04F-499E-AE52-B1278B48B6AF}.Debug|Any CPU.Build.0 = Debug|Any CPU
		{349FA808-F04F-499E-AE52-B1278B48B6AF}.External - Debug|Any CPU.ActiveCfg = Debug|Any CPU
		{349FA808-F04F-499E-AE52-B1278B48B6AF}.External - Release|Any CPU.ActiveCfg = Release|Any CPU
		{349FA808-F04F-499E-AE52-B1278B48B6AF}.Release|Any CPU.ActiveCfg = Release|Any CPU
		{349FA808-F04F-499E-AE52-B1278B48B6AF}.Release|Any CPU.Build.0 = Release|Any CPU
		{349FA808-F04F-499E-AE52-B1278B48B6AF}.UnitTesting Debug|Any CPU.ActiveCfg = UnitTesting Debug|Any CPU
		{349FA808-F04F-499E-AE52-B1278B48B6AF}.UnitTesting Debug|Any CPU.Build.0 = UnitTesting Debug|Any CPU
		{349FA808-F04F-499E-AE52-B1278B48B6AF}.UnitTesting External - Debug|Any CPU.ActiveCfg = UnitTesting Debug|Any CPU
		{74CAD6F1-DB4A-4986-863D-98E7BA4CE9C7}.Debug|Any CPU.ActiveCfg = Debug|Any CPU
		{74CAD6F1-DB4A-4986-863D-98E7BA4CE9C7}.Debug|Any CPU.Build.0 = Debug|Any CPU
		{74CAD6F1-DB4A-4986-863D-98E7BA4CE9C7}.External - Debug|Any CPU.ActiveCfg = Debug|Any CPU
		{74CAD6F1-DB4A-4986-863D-98E7BA4CE9C7}.External - Release|Any CPU.ActiveCfg = Release|Any CPU
		{74CAD6F1-DB4A-4986-863D-98E7BA4CE9C7}.Release|Any CPU.ActiveCfg = Release|Any CPU
		{74CAD6F1-DB4A-4986-863D-98E7BA4CE9C7}.Release|Any CPU.Build.0 = Release|Any CPU
		{74CAD6F1-DB4A-4986-863D-98E7BA4CE9C7}.UnitTesting Debug|Any CPU.ActiveCfg = UnitTesting Debug|Any CPU
		{74CAD6F1-DB4A-4986-863D-98E7BA4CE9C7}.UnitTesting Debug|Any CPU.Build.0 = UnitTesting Debug|Any CPU
		{74CAD6F1-DB4A-4986-863D-98E7BA4CE9C7}.UnitTesting External - Debug|Any CPU.ActiveCfg = UnitTesting Debug|Any CPU
		{487027A4-581B-417E-BBD0-D043206FD242}.Debug|Any CPU.ActiveCfg = Debug|Any CPU
		{487027A4-581B-417E-BBD0-D043206FD242}.Debug|Any CPU.Build.0 = Debug|Any CPU
		{487027A4-581B-417E-BBD0-D043206FD242}.External - Debug|Any CPU.ActiveCfg = Debug|Any CPU
		{487027A4-581B-417E-BBD0-D043206FD242}.External - Debug|Any CPU.Build.0 = Debug|Any CPU
		{487027A4-581B-417E-BBD0-D043206FD242}.External - Release|Any CPU.ActiveCfg = Release|Any CPU
		{487027A4-581B-417E-BBD0-D043206FD242}.External - Release|Any CPU.Build.0 = Release|Any CPU
		{487027A4-581B-417E-BBD0-D043206FD242}.Release|Any CPU.ActiveCfg = Release|Any CPU
		{487027A4-581B-417E-BBD0-D043206FD242}.Release|Any CPU.Build.0 = Release|Any CPU
		{487027A4-581B-417E-BBD0-D043206FD242}.UnitTesting Debug|Any CPU.ActiveCfg = UnitTesting Debug|Any CPU
		{487027A4-581B-417E-BBD0-D043206FD242}.UnitTesting Debug|Any CPU.Build.0 = UnitTesting Debug|Any CPU
		{487027A4-581B-417E-BBD0-D043206FD242}.UnitTesting External - Debug|Any CPU.ActiveCfg = UnitTesting Debug|Any CPU
		{487027A4-581B-417E-BBD0-D043206FD242}.UnitTesting External - Debug|Any CPU.Build.0 = UnitTesting Debug|Any CPU
		{3364BFF3-BF64-48BD-AB28-CA06A7529F4E}.Debug|Any CPU.ActiveCfg = Debug|Any CPU
		{3364BFF3-BF64-48BD-AB28-CA06A7529F4E}.Debug|Any CPU.Build.0 = Debug|Any CPU
		{3364BFF3-BF64-48BD-AB28-CA06A7529F4E}.External - Debug|Any CPU.ActiveCfg = Debug|Any CPU
		{3364BFF3-BF64-48BD-AB28-CA06A7529F4E}.External - Debug|Any CPU.Build.0 = Debug|Any CPU
		{3364BFF3-BF64-48BD-AB28-CA06A7529F4E}.External - Release|Any CPU.ActiveCfg = Release|Any CPU
		{3364BFF3-BF64-48BD-AB28-CA06A7529F4E}.External - Release|Any CPU.Build.0 = Release|Any CPU
		{3364BFF3-BF64-48BD-AB28-CA06A7529F4E}.Release|Any CPU.ActiveCfg = Release|Any CPU
		{3364BFF3-BF64-48BD-AB28-CA06A7529F4E}.Release|Any CPU.Build.0 = Release|Any CPU
		{3364BFF3-BF64-48BD-AB28-CA06A7529F4E}.UnitTesting Debug|Any CPU.ActiveCfg = UnitTesting Debug|Any CPU
		{3364BFF3-BF64-48BD-AB28-CA06A7529F4E}.UnitTesting Debug|Any CPU.Build.0 = UnitTesting Debug|Any CPU
		{3364BFF3-BF64-48BD-AB28-CA06A7529F4E}.UnitTesting External - Debug|Any CPU.ActiveCfg = UnitTesting Debug|Any CPU
		{3364BFF3-BF64-48BD-AB28-CA06A7529F4E}.UnitTesting External - Debug|Any CPU.Build.0 = UnitTesting Debug|Any CPU
		{4476F6F7-26A8-43A5-92D9-14A0D0A775BE}.Debug|Any CPU.ActiveCfg = Debug|Any CPU
		{4476F6F7-26A8-43A5-92D9-14A0D0A775BE}.Debug|Any CPU.Build.0 = Debug|Any CPU
		{4476F6F7-26A8-43A5-92D9-14A0D0A775BE}.External - Debug|Any CPU.ActiveCfg = Debug|Any CPU
		{4476F6F7-26A8-43A5-92D9-14A0D0A775BE}.External - Release|Any CPU.ActiveCfg = Release|Any CPU
		{4476F6F7-26A8-43A5-92D9-14A0D0A775BE}.Release|Any CPU.ActiveCfg = Release|Any CPU
		{4476F6F7-26A8-43A5-92D9-14A0D0A775BE}.Release|Any CPU.Build.0 = Release|Any CPU
		{4476F6F7-26A8-43A5-92D9-14A0D0A775BE}.UnitTesting Debug|Any CPU.ActiveCfg = UnitTesting Debug|Any CPU
		{4476F6F7-26A8-43A5-92D9-14A0D0A775BE}.UnitTesting Debug|Any CPU.Build.0 = UnitTesting Debug|Any CPU
		{4476F6F7-26A8-43A5-92D9-14A0D0A775BE}.UnitTesting External - Debug|Any CPU.ActiveCfg = UnitTesting Debug|Any CPU
		{8C0DEDC7-9143-40E5-8756-B22AE7B62C04}.Debug|Any CPU.ActiveCfg = Debug|Any CPU
		{8C0DEDC7-9143-40E5-8756-B22AE7B62C04}.Debug|Any CPU.Build.0 = Debug|Any CPU
		{8C0DEDC7-9143-40E5-8756-B22AE7B62C04}.External - Debug|Any CPU.ActiveCfg = Debug|Any CPU
		{8C0DEDC7-9143-40E5-8756-B22AE7B62C04}.External - Release|Any CPU.ActiveCfg = Release|Any CPU
		{8C0DEDC7-9143-40E5-8756-B22AE7B62C04}.Release|Any CPU.ActiveCfg = Release|Any CPU
		{8C0DEDC7-9143-40E5-8756-B22AE7B62C04}.Release|Any CPU.Build.0 = Release|Any CPU
		{8C0DEDC7-9143-40E5-8756-B22AE7B62C04}.UnitTesting Debug|Any CPU.ActiveCfg = UnitTesting Debug|Any CPU
		{8C0DEDC7-9143-40E5-8756-B22AE7B62C04}.UnitTesting Debug|Any CPU.Build.0 = UnitTesting Debug|Any CPU
		{8C0DEDC7-9143-40E5-8756-B22AE7B62C04}.UnitTesting External - Debug|Any CPU.ActiveCfg = UnitTesting Debug|Any CPU
		{461C3BE5-80FC-431A-BC3C-3E420AF85830}.Debug|Any CPU.ActiveCfg = Debug|Any CPU
		{461C3BE5-80FC-431A-BC3C-3E420AF85830}.Debug|Any CPU.Build.0 = Debug|Any CPU
		{461C3BE5-80FC-431A-BC3C-3E420AF85830}.External - Debug|Any CPU.ActiveCfg = Debug|Any CPU
		{461C3BE5-80FC-431A-BC3C-3E420AF85830}.External - Release|Any CPU.ActiveCfg = Release|Any CPU
		{461C3BE5-80FC-431A-BC3C-3E420AF85830}.Release|Any CPU.ActiveCfg = Release|Any CPU
		{461C3BE5-80FC-431A-BC3C-3E420AF85830}.Release|Any CPU.Build.0 = Release|Any CPU
		{461C3BE5-80FC-431A-BC3C-3E420AF85830}.UnitTesting Debug|Any CPU.ActiveCfg = UnitTesting Debug|Any CPU
		{461C3BE5-80FC-431A-BC3C-3E420AF85830}.UnitTesting Debug|Any CPU.Build.0 = UnitTesting Debug|Any CPU
		{461C3BE5-80FC-431A-BC3C-3E420AF85830}.UnitTesting External - Debug|Any CPU.ActiveCfg = UnitTesting Debug|Any CPU
		{C97D74B2-0CF1-46F5-BBD1-A2D6C4D3F2EE}.Debug|Any CPU.ActiveCfg = Debug|Any CPU
		{C97D74B2-0CF1-46F5-BBD1-A2D6C4D3F2EE}.Debug|Any CPU.Build.0 = Debug|Any CPU
		{C97D74B2-0CF1-46F5-BBD1-A2D6C4D3F2EE}.External - Debug|Any CPU.ActiveCfg = Debug|Any CPU
		{C97D74B2-0CF1-46F5-BBD1-A2D6C4D3F2EE}.External - Release|Any CPU.ActiveCfg = Release|Any CPU
		{C97D74B2-0CF1-46F5-BBD1-A2D6C4D3F2EE}.Release|Any CPU.ActiveCfg = Release|Any CPU
		{C97D74B2-0CF1-46F5-BBD1-A2D6C4D3F2EE}.Release|Any CPU.Build.0 = Release|Any CPU
		{C97D74B2-0CF1-46F5-BBD1-A2D6C4D3F2EE}.UnitTesting Debug|Any CPU.ActiveCfg = UnitTesting Debug|Any CPU
		{C97D74B2-0CF1-46F5-BBD1-A2D6C4D3F2EE}.UnitTesting Debug|Any CPU.Build.0 = UnitTesting Debug|Any CPU
		{C97D74B2-0CF1-46F5-BBD1-A2D6C4D3F2EE}.UnitTesting External - Debug|Any CPU.ActiveCfg = UnitTesting Debug|Any CPU
		{274B882E-DAF9-4F75-80E1-21EFE07C5B7E}.Debug|Any CPU.ActiveCfg = Debug|Any CPU
		{274B882E-DAF9-4F75-80E1-21EFE07C5B7E}.Debug|Any CPU.Build.0 = Debug|Any CPU
		{274B882E-DAF9-4F75-80E1-21EFE07C5B7E}.External - Debug|Any CPU.ActiveCfg = Debug|Any CPU
		{274B882E-DAF9-4F75-80E1-21EFE07C5B7E}.External - Release|Any CPU.ActiveCfg = Release|Any CPU
		{274B882E-DAF9-4F75-80E1-21EFE07C5B7E}.Release|Any CPU.ActiveCfg = Release|Any CPU
		{274B882E-DAF9-4F75-80E1-21EFE07C5B7E}.Release|Any CPU.Build.0 = Release|Any CPU
		{274B882E-DAF9-4F75-80E1-21EFE07C5B7E}.UnitTesting Debug|Any CPU.ActiveCfg = UnitTesting Debug|Any CPU
		{274B882E-DAF9-4F75-80E1-21EFE07C5B7E}.UnitTesting Debug|Any CPU.Build.0 = UnitTesting Debug|Any CPU
		{274B882E-DAF9-4F75-80E1-21EFE07C5B7E}.UnitTesting External - Debug|Any CPU.ActiveCfg = UnitTesting Debug|Any CPU
		{1F18BA55-B954-4C87-A92D-332BD3385017}.Debug|Any CPU.ActiveCfg = Debug|Any CPU
		{1F18BA55-B954-4C87-A92D-332BD3385017}.Debug|Any CPU.Build.0 = Debug|Any CPU
		{1F18BA55-B954-4C87-A92D-332BD3385017}.External - Debug|Any CPU.ActiveCfg = Debug|Any CPU
		{1F18BA55-B954-4C87-A92D-332BD3385017}.External - Debug|Any CPU.Build.0 = Debug|Any CPU
		{1F18BA55-B954-4C87-A92D-332BD3385017}.External - Release|Any CPU.ActiveCfg = Release|Any CPU
		{1F18BA55-B954-4C87-A92D-332BD3385017}.External - Release|Any CPU.Build.0 = Release|Any CPU
		{1F18BA55-B954-4C87-A92D-332BD3385017}.Release|Any CPU.ActiveCfg = Release|Any CPU
		{1F18BA55-B954-4C87-A92D-332BD3385017}.Release|Any CPU.Build.0 = Release|Any CPU
		{1F18BA55-B954-4C87-A92D-332BD3385017}.UnitTesting Debug|Any CPU.ActiveCfg = Debug|Any CPU
		{1F18BA55-B954-4C87-A92D-332BD3385017}.UnitTesting Debug|Any CPU.Build.0 = Debug|Any CPU
		{1F18BA55-B954-4C87-A92D-332BD3385017}.UnitTesting External - Debug|Any CPU.ActiveCfg = Debug|Any CPU
		{1F18BA55-B954-4C87-A92D-332BD3385017}.UnitTesting External - Debug|Any CPU.Build.0 = Debug|Any CPU
		{CFD6725D-8D36-488F-A9A1-B518D039BA67}.Debug|Any CPU.ActiveCfg = Debug|Any CPU
		{CFD6725D-8D36-488F-A9A1-B518D039BA67}.Debug|Any CPU.Build.0 = Debug|Any CPU
		{CFD6725D-8D36-488F-A9A1-B518D039BA67}.External - Debug|Any CPU.ActiveCfg = Debug|Any CPU
		{CFD6725D-8D36-488F-A9A1-B518D039BA67}.External - Debug|Any CPU.Build.0 = Debug|Any CPU
		{CFD6725D-8D36-488F-A9A1-B518D039BA67}.External - Release|Any CPU.ActiveCfg = Release|Any CPU
		{CFD6725D-8D36-488F-A9A1-B518D039BA67}.External - Release|Any CPU.Build.0 = Release|Any CPU
		{CFD6725D-8D36-488F-A9A1-B518D039BA67}.Release|Any CPU.ActiveCfg = Release|Any CPU
		{CFD6725D-8D36-488F-A9A1-B518D039BA67}.Release|Any CPU.Build.0 = Release|Any CPU
		{CFD6725D-8D36-488F-A9A1-B518D039BA67}.UnitTesting Debug|Any CPU.ActiveCfg = Debug|Any CPU
		{CFD6725D-8D36-488F-A9A1-B518D039BA67}.UnitTesting Debug|Any CPU.Build.0 = Debug|Any CPU
		{CFD6725D-8D36-488F-A9A1-B518D039BA67}.UnitTesting External - Debug|Any CPU.ActiveCfg = Debug|Any CPU
		{CFD6725D-8D36-488F-A9A1-B518D039BA67}.UnitTesting External - Debug|Any CPU.Build.0 = Debug|Any CPU
	EndGlobalSection
	GlobalSection(SolutionProperties) = preSolution
		HideSolutionNode = FALSE
	EndGlobalSection
	GlobalSection(NestedProjects) = preSolution
		{40697E2E-1F43-4951-915F-512A37FEA1AA} = {AF2E7630-4C87-4A87-8166-AE8F97C7C6DC}
		{AF2E7630-4C87-4A87-8166-AE8F97C7C6DC} = {DCF9C343-7FA8-48F0-95AF-454AE2B84C84}
		{349FA808-F04F-499E-AE52-B1278B48B6AF} = {AF2E7630-4C87-4A87-8166-AE8F97C7C6DC}
		{74CAD6F1-DB4A-4986-863D-98E7BA4CE9C7} = {AF2E7630-4C87-4A87-8166-AE8F97C7C6DC}
		{22C3452A-8D69-4DFD-A70B-DF05FA64F5F1} = {EB2EA3A3-66A5-4929-8483-E305EC357D50}
		{94D67190-D248-404F-BB9D-2085E5F4826B} = {EB2EA3A3-66A5-4929-8483-E305EC357D50}
		{487027A4-581B-417E-BBD0-D043206FD242} = {22C3452A-8D69-4DFD-A70B-DF05FA64F5F1}
		{3364BFF3-BF64-48BD-AB28-CA06A7529F4E} = {22C3452A-8D69-4DFD-A70B-DF05FA64F5F1}
		{4476F6F7-26A8-43A5-92D9-14A0D0A775BE} = {94D67190-D248-404F-BB9D-2085E5F4826B}
		{8C0DEDC7-9143-40E5-8756-B22AE7B62C04} = {94D67190-D248-404F-BB9D-2085E5F4826B}
		{461C3BE5-80FC-431A-BC3C-3E420AF85830} = {502118E9-D70B-4A7F-BA6C-1B51EC1A7235}
		{C97D74B2-0CF1-46F5-BBD1-A2D6C4D3F2EE} = {502118E9-D70B-4A7F-BA6C-1B51EC1A7235}
		{274B882E-DAF9-4F75-80E1-21EFE07C5B7E} = {BF42E4B4-42D0-4E57-B25E-29872DAACA16}
		{6BCB8601-DC3D-42E0-B9E5-A32007A9366D} = {BF42E4B4-42D0-4E57-B25E-29872DAACA16}
		{7DFDAF13-4A94-4316-9583-FF9606255B5A} = {DCF9C343-7FA8-48F0-95AF-454AE2B84C84}
		{1F18BA55-B954-4C87-A92D-332BD3385017} = {7DFDAF13-4A94-4316-9583-FF9606255B5A}
		{CFD6725D-8D36-488F-A9A1-B518D039BA67} = {7DFDAF13-4A94-4316-9583-FF9606255B5A}
	EndGlobalSection
	GlobalSection(ExtensibilityGlobals) = postSolution
		SolutionGuid = {86C8641A-1D5F-4FD2-B823-2F4F96C97E79}
	EndGlobalSection
	GlobalSection(TeamFoundationVersionControl) = preSolution
		SccNumberOfProjects = 13
		SccEnterpriseProvider = {4CA58AB2-18FA-4F8D-95D4-32DDF27D184C}
		SccTeamFoundationServer = http://m-tfs.mdev.com:8080/tfs/defaultcollection
		SccLocalPath0 = .
		SccProjectUniqueName1 = Client\\Internal\\Customs.CRM.CertificateOfOrigin.Client.Api\\Customs.CRM.CertificateOfOrigins.Client.Api.csproj
		SccProjectTopLevelParentUniqueName1 = CertificateOfOrigins.sln
		SccProjectName1 = Client/Internal/Customs.CRM.CertificateOfOrigin.Client.Api
		SccLocalPath1 = Client\\Internal\\Customs.CRM.CertificateOfOrigin.Client.Api
		SccProjectUniqueName2 = Customs.CRM.CertificateOfOrigion.Client.External.View\\Customs.CRM.CertificateOfOrigion.Client.External.View.csproj
		SccProjectTopLevelParentUniqueName2 = CertificateOfOrigins.sln
		SccProjectName2 = Customs.CRM.CertificateOfOrigion.Client.External.View
		SccLocalPath2 = Customs.CRM.CertificateOfOrigion.Client.External.View
		SccProjectUniqueName3 = Customs.CRM.CertificateOfOrigion.Client.External.Api\\Customs.CRM.CertificateOfOrigion.Client.External.Api.csproj
		SccProjectTopLevelParentUniqueName3 = CertificateOfOrigins.sln
		SccProjectName3 = Customs.CRM.CertificateOfOrigion.Client.External.Api
		SccLocalPath3 = Customs.CRM.CertificateOfOrigion.Client.External.Api
		SccProjectUniqueName4 = Customs.CRM.CertificateOfOrigins.Test\\Customs.CRM.CertificateOfOrigins.Test.csproj
		SccProjectTopLevelParentUniqueName4 = CertificateOfOrigins.sln
		SccProjectName4 = Customs.CRM.CertificateOfOrigins.Test
		SccLocalPath4 = Customs.CRM.CertificateOfOrigins.Test
		SccProjectUniqueName5 = Server\\Customs.CRM.CertificateOfOrigins.Service\\Customs.CRM.CertificateOfOrigins.Service.csproj
		SccProjectTopLevelParentUniqueName5 = CertificateOfOrigins.sln
		SccProjectName5 = Server/Customs.CRM.CertificateOfOrigins.Service
		SccLocalPath5 = Server\\Customs.CRM.CertificateOfOrigins.Service
		SccProjectUniqueName6 = Server\\Customs.CRM.CertificateOfOrigins.BL\\Customs.CRM.CertificateOfOrigins.BL.csproj
		SccProjectTopLevelParentUniqueName6 = CertificateOfOrigins.sln
		SccProjectName6 = Server/Customs.CRM.CertificateOfOrigins.BL
		SccLocalPath6 = Server\\Customs.CRM.CertificateOfOrigins.BL
		SccProjectUniqueName7 = Common\\Internal\\Customs.CRM.CertificateOfOrigins.InternalProxy\\Customs.CRM.CertificateOfOrigins.InternalProxy.csproj
		SccProjectTopLevelParentUniqueName7 = CertificateOfOrigins.sln
		SccProjectName7 = Common/Internal/Customs.CRM.CertificateOfOrigins.InternalProxy
		SccLocalPath7 = Common\\Internal\\Customs.CRM.CertificateOfOrigins.InternalProxy
		SccProjectUniqueName8 = Common\\Internal\\Customs.CRM.CertificateOfOrigins.InternalCommon\\Customs.CRM.CertificateOfOrigins.InternalCommon.csproj
		SccProjectTopLevelParentUniqueName8 = CertificateOfOrigins.sln
		SccProjectName8 = Common/Internal/Customs.CRM.CertificateOfOrigins.InternalCommon
		SccLocalPath8 = Common\\Internal\\Customs.CRM.CertificateOfOrigins.InternalCommon
		SccProjectUniqueName9 = Common\\External\\Customs.CRM.CertificateOfOrigin.ExternalProxy\\Customs.CRM.CertificateOfOrigins.ExternalProxy.csproj
		SccProjectTopLevelParentUniqueName9 = CertificateOfOrigins.sln
		SccProjectName9 = Common/External/Customs.CRM.CertificateOfOrigin.ExternalProxy
		SccLocalPath9 = Common\\External\\Customs.CRM.CertificateOfOrigin.ExternalProxy
		SccProjectUniqueName10 = Common\\External\\Customs.CRM.CertificateOfOrigin.ExternalCommon\\Customs.CRM.CertificateOfOrigins.ExternalCommon.csproj
		SccProjectTopLevelParentUniqueName10 = CertificateOfOrigins.sln
		SccProjectName10 = Common/External/Customs.CRM.CertificateOfOrigin.ExternalCommon
		SccLocalPath10 = Common\\External\\Customs.CRM.CertificateOfOrigin.ExternalCommon
		SccProjectUniqueName11 = Client\\Internal\\Customs.CRM.CertificateOfOrigin.Client.View\\Customs.CRM.CertificateOfOrigins.Client.View.csproj
		SccProjectTopLevelParentUniqueName11 = CertificateOfOrigins.sln
		SccProjectName11 = Client/Internal/Customs.CRM.CertificateOfOrigin.Client.View
		SccLocalPath11 = Client\\Internal\\Customs.CRM.CertificateOfOrigin.Client.View
		SccProjectUniqueName12 = Client\\Internal\\Customs.CRM.CertificateOfOrigin.Client.Module\\Customs.CRM.CertificateOfOrigins.Client.Module.csproj
		SccProjectTopLevelParentUniqueName12 = CertificateOfOrigins.sln
		SccProjectName12 = Client/Internal/Customs.CRM.CertificateOfOrigin.Client.Module
		SccLocalPath12 = Client\\Internal\\Customs.CRM.CertificateOfOrigin.Client.Module
	EndGlobalSection
	GlobalSection(TestCaseManagementSettings) = postSolution
		CategoryFile = CertificateOfOrigins.vsmdi
	EndGlobalSection
EndGlobal
