<Solution>
  <Folder Name="/Test/">
    <Project Path="CertificateOfOrigins.Test/CertificateOfOrigins.Test.csproj" />
  </Folder>
  <Project Path="CertificateOfOrigins.BL/CertificateOfOrigins.BL.csproj" />
  <Project Path="CertificateOfOrigins.DAL/CertificateOfOrigins.DAL.csproj" />
  <Project Path="CertificateOfOrigins.Model/CertificateOfOrigins.Model.csproj" />
  <Project Path="CertificateOfOrigins.WebApi/CertificateOfOrigins.WebApi.csproj" />
</Solution>
